
Microsoft Visual Studio Solution File, Format Version 12.00
# Visual Studio Version 16
VisualStudioVersion = 16.0.34114.132
MinimumVisualStudioVersion = 10.0.40219.1
Project("{FAE04EC0-301F-11D3-BF4B-00C04F79EFBC}") = "35_2_Verbytskyy_P1", "35_2_Verbytskyy_P1\35_2_Verbytskyy_P1.csproj", "{AFE3592D-A69B-49FF-94F7-1423D2FF5BF8}"
EndProject
Global
	GlobalSection(SolutionConfigurationPlatforms) = preSolution
		Debug|Any CPU = Debug|Any CPU
		Release|Any CPU = Release|Any CPU
	EndGlobalSection
	GlobalSection(ProjectConfigurationPlatforms) = postSolution
		{AFE3592D-A69B-49FF-94F7-1423D2FF5BF8}.Debug|Any CPU.ActiveCfg = Debug|Any CPU
		{AFE3592D-A69B-49FF-94F7-1423D2FF5BF8}.Debug|Any CPU.Build.0 = Debug|Any CPU
		{AFE3592D-A69B-49FF-94F7-1423D2FF5BF8}.Release|Any CPU.ActiveCfg = Release|Any CPU
		{AFE3592D-A69B-49FF-94F7-1423D2FF5BF8}.Release|Any CPU.Build.0 = Release|Any CPU
	EndGlobalSection
	GlobalSection(SolutionProperties) = preSolution
		HideSolutionNode = FALSE
	EndGlobalSection
	GlobalSection(ExtensibilityGlobals) = postSolution
		SolutionGuid = {7B909726-5E93-419E-A158-D502FE2303FF}
	EndGlobalSection
EndGlobal
